
Microsoft Visual Studio Solution File, Format Version 12.00
# Visual Studio Version 17
VisualStudioVersion = 17.6.33723.286
MinimumVisualStudioVersion = 10.0.40219.1
Project("{FAE04EC0-301F-11D3-BF4B-00C04F79EFBC}") = "MedCatalog", "MedCatalog.csproj", "{67C7F250-0D7F-4F7F-BF36-D29599DCFE9A}"
EndProject
Global
	GlobalSection(SolutionConfigurationPlatforms) = preSolution
		Debug|Any CPU = Debug|Any CPU
		Release|Any CPU = Release|Any CPU
	EndGlobalSection
	GlobalSection(ProjectConfigurationPlatforms) = postSolution
		{67C7F250-0D7F-4F7F-BF36-D29599DCFE9A}.Debug|Any CPU.ActiveCfg = Debug|Any CPU
		{67C7F250-0D7F-4F7F-BF36-D29599DCFE9A}.Debug|Any CPU.Build.0 = Debug|Any CPU
		{67C7F250-0D7F-4F7F-BF36-D29599DCFE9A}.Release|Any CPU.ActiveCfg = Release|Any CPU
		{67C7F250-0D7F-4F7F-BF36-D29599DCFE9A}.Release|Any CPU.Build.0 = Release|Any CPU
	EndGlobalSection
	GlobalSection(SolutionProperties) = preSolution
		HideSolutionNode = FALSE
	EndGlobalSection
	GlobalSection(ExtensibilityGlobals) = postSolution
		SolutionGuid = {533992ED-6A2A-49E1-B819-FC9D5AFDD423}
	EndGlobalSection
EndGlobal
